// !$*UTF8*$!
{
	archiveVersion = 1;
	classes = {
	};
	objectVersion = 56;
	objects = {

/* Begin PBXBuildFile section */
		BC203BD728F9DE7B00C27D71 /* ErrorWrapper.swift in Sources */ = {isa = PBXBuildFile; fileRef = BC203BD628F9DE7B00C27D71 /* ErrorWrapper.swift */; };
		BC203BD928F9DF2500C27D71 /* ErrorView.swift in Sources */ = {isa = PBXBuildFile; fileRef = BC203BD828F9DF2500C27D71 /* ErrorView.swift */; };
		BC69848D28F4715100A51003 /* AVPlayer+Ding.swift in Sources */ = {isa = PBXBuildFile; fileRef = BC69848B28F4715100A51003 /* AVPlayer+Ding.swift */; };
		BC69848E28F4715100A51003 /* ScrumTimer.swift in Sources */ = {isa = PBXBuildFile; fileRef = BC69848C28F4715100A51003 /* ScrumTimer.swift */; };
		BC75BD3328F5E46C0023FF35 /* History.swift in Sources */ = {isa = PBXBuildFile; fileRef = BC75BD3228F5E46C0023FF35 /* History.swift */; };
		BC75BD3528F5E8BC0023FF35 /* ScrumStore.swift in Sources */ = {isa = PBXBuildFile; fileRef = BC75BD3428F5E8BC0023FF35 /* ScrumStore.swift */; };
		BCA043B528F47A0D00C88BCE /* MeetingFooterView.swift in Sources */ = {isa = PBXBuildFile; fileRef = BCA043B428F47A0D00C88BCE /* MeetingFooterView.swift */; };
		BCBD8C1228F29CF0009C5951 /* ScrumdingerApp.swift in Sources */ = {isa = PBXBuildFile; fileRef = BCBD8C1128F29CF0009C5951 /* ScrumdingerApp.swift */; };
		BCBD8C1428F29CF0009C5951 /* MeetingView.swift in Sources */ = {isa = PBXBuildFile; fileRef = BCBD8C1328F29CF0009C5951 /* MeetingView.swift */; };
		BCBD8C1628F29CF1009C5951 /* Assets.xcassets in Resources */ = {isa = PBXBuildFile; fileRef = BCBD8C1528F29CF1009C5951 /* Assets.xcassets */; };
		BCBD8C1928F29CF1009C5951 /* Preview Assets.xcassets in Resources */ = {isa = PBXBuildFile; fileRef = BCBD8C1828F29CF1009C5951 /* Preview Assets.xcassets */; };
		BCBD8C2128F2A5A2009C5951 /* Theme.swift in Sources */ = {isa = PBXBuildFile; fileRef = BCBD8C2028F2A5A2009C5951 /* Theme.swift */; };
		BCBD8C2328F2A925009C5951 /* DailyScrum.swift in Sources */ = {isa = PBXBuildFile; fileRef = BCBD8C2228F2A925009C5951 /* DailyScrum.swift */; };
		BCBD8C2528F2C34E009C5951 /* CardView.swift in Sources */ = {isa = PBXBuildFile; fileRef = BCBD8C2428F2C34E009C5951 /* CardView.swift */; };
		BCBD8C2728F2C6EE009C5951 /* TrailingIconLabelStyle.swift in Sources */ = {isa = PBXBuildFile; fileRef = BCBD8C2628F2C6EE009C5951 /* TrailingIconLabelStyle.swift */; };
		BCBD8C2928F2C9DF009C5951 /* ScrumsView.swift in Sources */ = {isa = PBXBuildFile; fileRef = BCBD8C2828F2C9DF009C5951 /* ScrumsView.swift */; };
		BCBD8C2B28F2D5A0009C5951 /* DetailView.swift in Sources */ = {isa = PBXBuildFile; fileRef = BCBD8C2A28F2D5A0009C5951 /* DetailView.swift */; };
		BCBD8C2D28F2DC94009C5951 /* DetailEditView.swift in Sources */ = {isa = PBXBuildFile; fileRef = BCBD8C2C28F2DC94009C5951 /* DetailEditView.swift */; };
		BCBD8C2F28F2E8BC009C5951 /* ThemeView.swift in Sources */ = {isa = PBXBuildFile; fileRef = BCBD8C2E28F2E8BC009C5951 /* ThemeView.swift */; };
		BCBD8C3128F2E9EB009C5951 /* ThemePicker.swift in Sources */ = {isa = PBXBuildFile; fileRef = BCBD8C3028F2E9EB009C5951 /* ThemePicker.swift */; };
		BCFE2F0328F4733500103828 /* ding.wav in Resources */ = {isa = PBXBuildFile; fileRef = BCFE2F0228F4733500103828 /* ding.wav */; };
		BCFE2F0528F4748800103828 /* MeetingHeaderView.swift in Sources */ = {isa = PBXBuildFile; fileRef = BCFE2F0428F4748800103828 /* MeetingHeaderView.swift */; };
		BCFE2F0728F4771F00103828 /* ScrumProgressViewStyle.swift in Sources */ = {isa = PBXBuildFile; fileRef = BCFE2F0628F4771F00103828 /* ScrumProgressViewStyle.swift */; };
/* End PBXBuildFile section */

/* Begin PBXFileReference section */
		BC203BD628F9DE7B00C27D71 /* ErrorWrapper.swift */ = {isa = PBXFileReference; lastKnownFileType = sourcecode.swift; path = ErrorWrapper.swift; sourceTree = "<group>"; };
		BC203BD828F9DF2500C27D71 /* ErrorView.swift */ = {isa = PBXFileReference; lastKnownFileType = sourcecode.swift; path = ErrorView.swift; sourceTree = "<group>"; };
		BC69848B28F4715100A51003 /* AVPlayer+Ding.swift */ = {isa = PBXFileReference; fileEncoding = 4; lastKnownFileType = sourcecode.swift; path = "AVPlayer+Ding.swift"; sourceTree = "<group>"; };
		BC69848C28F4715100A51003 /* ScrumTimer.swift */ = {isa = PBXFileReference; fileEncoding = 4; lastKnownFileType = sourcecode.swift; path = ScrumTimer.swift; sourceTree = "<group>"; };
		BC75BD3228F5E46C0023FF35 /* History.swift */ = {isa = PBXFileReference; lastKnownFileType = sourcecode.swift; path = History.swift; sourceTree = "<group>"; };
		BC75BD3428F5E8BC0023FF35 /* ScrumStore.swift */ = {isa = PBXFileReference; lastKnownFileType = sourcecode.swift; path = ScrumStore.swift; sourceTree = "<group>"; };
		BCA043B428F47A0D00C88BCE /* MeetingFooterView.swift */ = {isa = PBXFileReference; lastKnownFileType = sourcecode.swift; path = MeetingFooterView.swift; sourceTree = "<group>"; };
		BCBD8C0E28F29CF0009C5951 /* Scrumdinger.app */ = {isa = PBXFileReference; explicitFileType = wrapper.application; includeInIndex = 0; path = Scrumdinger.app; sourceTree = BUILT_PRODUCTS_DIR; };
		BCBD8C1128F29CF0009C5951 /* ScrumdingerApp.swift */ = {isa = PBXFileReference; lastKnownFileType = sourcecode.swift; path = ScrumdingerApp.swift; sourceTree = "<group>"; };
		BCBD8C1328F29CF0009C5951 /* MeetingView.swift */ = {isa = PBXFileReference; lastKnownFileType = sourcecode.swift; path = MeetingView.swift; sourceTree = "<group>"; };
		BCBD8C1528F29CF1009C5951 /* Assets.xcassets */ = {isa = PBXFileReference; lastKnownFileType = folder.assetcatalog; path = Assets.xcassets; sourceTree = "<group>"; };
		BCBD8C1828F29CF1009C5951 /* Preview Assets.xcassets */ = {isa = PBXFileReference; lastKnownFileType = folder.assetcatalog; path = "Preview Assets.xcassets"; sourceTree = "<group>"; };
		BCBD8C2028F2A5A2009C5951 /* Theme.swift */ = {isa = PBXFileReference; lastKnownFileType = sourcecode.swift; path = Theme.swift; sourceTree = "<group>"; };
		BCBD8C2228F2A925009C5951 /* DailyScrum.swift */ = {isa = PBXFileReference; lastKnownFileType = sourcecode.swift; path = DailyScrum.swift; sourceTree = "<group>"; };
		BCBD8C2428F2C34E009C5951 /* CardView.swift */ = {isa = PBXFileReference; lastKnownFileType = sourcecode.swift; path = CardView.swift; sourceTree = "<group>"; };
		BCBD8C2628F2C6EE009C5951 /* TrailingIconLabelStyle.swift */ = {isa = PBXFileReference; lastKnownFileType = sourcecode.swift; path = TrailingIconLabelStyle.swift; sourceTree = "<group>"; };
		BCBD8C2828F2C9DF009C5951 /* ScrumsView.swift */ = {isa = PBXFileReference; lastKnownFileType = sourcecode.swift; path = ScrumsView.swift; sourceTree = "<group>"; };
		BCBD8C2A28F2D5A0009C5951 /* DetailView.swift */ = {isa = PBXFileReference; lastKnownFileType = sourcecode.swift; path = DetailView.swift; sourceTree = "<group>"; };
		BCBD8C2C28F2DC94009C5951 /* DetailEditView.swift */ = {isa = PBXFileReference; lastKnownFileType = sourcecode.swift; path = DetailEditView.swift; sourceTree = "<group>"; };
		BCBD8C2E28F2E8BC009C5951 /* ThemeView.swift */ = {isa = PBXFileReference; lastKnownFileType = sourcecode.swift; path = ThemeView.swift; sourceTree = "<group>"; };
		BCBD8C3028F2E9EB009C5951 /* ThemePicker.swift */ = {isa = PBXFileReference; lastKnownFileType = sourcecode.swift; path = ThemePicker.swift; sourceTree = "<group>"; };
		BCFE2F0228F4733500103828 /* ding.wav */ = {isa = PBXFileReference; lastKnownFileType = audio.wav; path = ding.wav; sourceTree = "<group>"; };
		BCFE2F0428F4748800103828 /* MeetingHeaderView.swift */ = {isa = PBXFileReference; lastKnownFileType = sourcecode.swift; path = MeetingHeaderView.swift; sourceTree = "<group>"; };
		BCFE2F0628F4771F00103828 /* ScrumProgressViewStyle.swift */ = {isa = PBXFileReference; fileEncoding = 4; lastKnownFileType = sourcecode.swift; path = ScrumProgressViewStyle.swift; sourceTree = "<group>"; };
/* End PBXFileReference section */

/* Begin PBXFrameworksBuildPhase section */
		BCBD8C0B28F29CF0009C5951 /* Frameworks */ = {
			isa = PBXFrameworksBuildPhase;
			buildActionMask = 2147483647;
			files = (
			);
			runOnlyForDeploymentPostprocessing = 0;
		};
/* End PBXFrameworksBuildPhase section */

/* Begin PBXGroup section */
		BCBD8C0528F29CF0009C5951 = {
			isa = PBXGroup;
			children = (
				BCBD8C0F28F29CF0009C5951 /* Products */,
				BCBD8C1028F29CF0009C5951 /* Scrumdinger */,
			);
			sourceTree = "<group>";
		};
		BCBD8C0F28F29CF0009C5951 /* Products */ = {
			isa = PBXGroup;
			children = (
				BCBD8C0E28F29CF0009C5951 /* Scrumdinger.app */,
			);
			name = Products;
			sourceTree = "<group>";
		};
		BCBD8C1028F29CF0009C5951 /* Scrumdinger */ = {
			isa = PBXGroup;
			children = (
				BCBD8C1528F29CF1009C5951 /* Assets.xcassets */,
				BCBD8C2428F2C34E009C5951 /* CardView.swift */,
				BCBD8C2C28F2DC94009C5951 /* DetailEditView.swift */,
				BCBD8C2A28F2D5A0009C5951 /* DetailView.swift */,
				BCFE2F0428F4748800103828 /* MeetingHeaderView.swift */,
				BCA043B428F47A0D00C88BCE /* MeetingFooterView.swift */,
				BCBD8C1328F29CF0009C5951 /* MeetingView.swift */,
				BCBD8C1F28F2A57E009C5951 /* Models */,
				BCBD8C1728F29CF1009C5951 /* Preview Content */,
				BCFE2F0128F4733500103828 /* Resources */,
				BCBD8C1128F29CF0009C5951 /* ScrumdingerApp.swift */,
				BCFE2F0628F4771F00103828 /* ScrumProgressViewStyle.swift */,
				BCBD8C2828F2C9DF009C5951 /* ScrumsView.swift */,
				BCBD8C3028F2E9EB009C5951 /* ThemePicker.swift */,
				BCBD8C2E28F2E8BC009C5951 /* ThemeView.swift */,
				BCBD8C2628F2C6EE009C5951 /* TrailingIconLabelStyle.swift */,
				BC203BD828F9DF2500C27D71 /* ErrorView.swift */,
			);
			path = Scrumdinger;
			sourceTree = "<group>";
		};
		BCBD8C1728F29CF1009C5951 /* Preview Content */ = {
			isa = PBXGroup;
			children = (
				BCBD8C1828F29CF1009C5951 /* Preview Assets.xcassets */,
			);
			path = "Preview Content";
			sourceTree = "<group>";
		};
		BCBD8C1F28F2A57E009C5951 /* Models */ = {
			isa = PBXGroup;
			children = (
				BC69848B28F4715100A51003 /* AVPlayer+Ding.swift */,
				BC69848C28F4715100A51003 /* ScrumTimer.swift */,
				BCBD8C2028F2A5A2009C5951 /* Theme.swift */,
				BCBD8C2228F2A925009C5951 /* DailyScrum.swift */,
				BC75BD3228F5E46C0023FF35 /* History.swift */,
				BC75BD3428F5E8BC0023FF35 /* ScrumStore.swift */,
				BC203BD628F9DE7B00C27D71 /* ErrorWrapper.swift */,
			);
			path = Models;
			sourceTree = "<group>";
		};
		BCFE2F0128F4733500103828 /* Resources */ = {
			isa = PBXGroup;
			children = (
				BCFE2F0228F4733500103828 /* ding.wav */,
			);
			path = Resources;
			sourceTree = "<group>";
		};
/* End PBXGroup section */

/* Begin PBXNativeTarget section */
		BCBD8C0D28F29CF0009C5951 /* Scrumdinger */ = {
			isa = PBXNativeTarget;
			buildConfigurationList = BCBD8C1C28F29CF1009C5951 /* Build configuration list for PBXNativeTarget "Scrumdinger" */;
			buildPhases = (
				BCBD8C0A28F29CF0009C5951 /* Sources */,
				BCBD8C0B28F29CF0009C5951 /* Frameworks */,
				BCBD8C0C28F29CF0009C5951 /* Resources */,
			);
			buildRules = (
			);
			dependencies = (
			);
			name = Scrumdinger;
			productName = Scrumdinger;
			productReference = BCBD8C0E28F29CF0009C5951 /* Scrumdinger.app */;
			productType = "com.apple.product-type.application";
		};
/* End PBXNativeTarget section */

/* Begin PBXProject section */
		BCBD8C0628F29CF0009C5951 /* Project object */ = {
			isa = PBXProject;
			attributes = {
				BuildIndependentTargetsInParallel = 1;
				LastSwiftUpdateCheck = 1400;
				LastUpgradeCheck = 1400;
				TargetAttributes = {
					BCBD8C0D28F29CF0009C5951 = {
						CreatedOnToolsVersion = 14.0.1;
					};
				};
			};
			buildConfigurationList = BCBD8C0928F29CF0009C5951 /* Build configuration list for PBXProject "Scrumdinger" */;
			compatibilityVersion = "Xcode 14.0";
			developmentRegion = en;
			hasScannedForEncodings = 0;
			knownRegions = (
				en,
				Base,
			);
			mainGroup = BCBD8C0528F29CF0009C5951;
			productRefGroup = BCBD8C0F28F29CF0009C5951 /* Products */;
			projectDirPath = "";
			projectRoot = "";
			targets = (
				BCBD8C0D28F29CF0009C5951 /* Scrumdinger */,
			);
		};
/* End PBXProject section */

/* Begin PBXResourcesBuildPhase section */
		BCBD8C0C28F29CF0009C5951 /* Resources */ = {
			isa = PBXResourcesBuildPhase;
			buildActionMask = 2147483647;
			files = (
				BCBD8C1928F29CF1009C5951 /* Preview Assets.xcassets in Resources */,
				BCFE2F0328F4733500103828 /* ding.wav in Resources */,
				BCBD8C1628F29CF1009C5951 /* Assets.xcassets in Resources */,
			);
			runOnlyForDeploymentPostprocessing = 0;
		};
/* End PBXResourcesBuildPhase section */

/* Begin PBXSourcesBuildPhase section */
		BCBD8C0A28F29CF0009C5951 /* Sources */ = {
			isa = PBXSourcesBuildPhase;
			buildActionMask = 2147483647;
			files = (
				BC75BD3328F5E46C0023FF35 /* History.swift in Sources */,
				BCBD8C3128F2E9EB009C5951 /* ThemePicker.swift in Sources */,
				BCBD8C2328F2A925009C5951 /* DailyScrum.swift in Sources */,
				BCBD8C2B28F2D5A0009C5951 /* DetailView.swift in Sources */,
				BC75BD3528F5E8BC0023FF35 /* ScrumStore.swift in Sources */,
				BCBD8C2D28F2DC94009C5951 /* DetailEditView.swift in Sources */,
				BCBD8C2728F2C6EE009C5951 /* TrailingIconLabelStyle.swift in Sources */,
				BCA043B528F47A0D00C88BCE /* MeetingFooterView.swift in Sources */,
				BCBD8C2128F2A5A2009C5951 /* Theme.swift in Sources */,
				BCBD8C2928F2C9DF009C5951 /* ScrumsView.swift in Sources */,
				BC203BD728F9DE7B00C27D71 /* ErrorWrapper.swift in Sources */,
				BCFE2F0528F4748800103828 /* MeetingHeaderView.swift in Sources */,
				BCFE2F0728F4771F00103828 /* ScrumProgressViewStyle.swift in Sources */,
				BC69848D28F4715100A51003 /* AVPlayer+Ding.swift in Sources */,
				BCBD8C1428F29CF0009C5951 /* MeetingView.swift in Sources */,
				BC203BD928F9DF2500C27D71 /* ErrorView.swift in Sources */,
				BCBD8C1228F29CF0009C5951 /* ScrumdingerApp.swift in Sources */,
				BCBD8C2F28F2E8BC009C5951 /* ThemeView.swift in Sources */,
				BCBD8C2528F2C34E009C5951 /* CardView.swift in Sources */,
				BC69848E28F4715100A51003 /* ScrumTimer.swift in Sources */,
			);
			runOnlyForDeploymentPostprocessing = 0;
		};
/* End PBXSourcesBuildPhase section */

/* Begin XCBuildConfiguration section */
		BCBD8C1A28F29CF1009C5951 /* Debug */ = {
			isa = XCBuildConfiguration;
			buildSettings = {
				ALWAYS_SEARCH_USER_PATHS = NO;
				CLANG_ANALYZER_NONNULL = YES;
				CLANG_ANALYZER_NUMBER_OBJECT_CONVERSION = YES_AGGRESSIVE;
				CLANG_CXX_LANGUAGE_STANDARD = "gnu++20";
				CLANG_ENABLE_MODULES = YES;
				CLANG_ENABLE_OBJC_ARC = YES;
				CLANG_ENABLE_OBJC_WEAK = YES;
				CLANG_WARN_BLOCK_CAPTURE_AUTORELEASING = YES;
				CLANG_WARN_BOOL_CONVERSION = YES;
				CLANG_WARN_COMMA = YES;
				CLANG_WARN_CONSTANT_CONVERSION = YES;
				CLANG_WARN_DEPRECATED_OBJC_IMPLEMENTATIONS = YES;
				CLANG_WARN_DIRECT_OBJC_ISA_USAGE = YES_ERROR;
				CLANG_WARN_DOCUMENTATION_COMMENTS = YES;
				CLANG_WARN_EMPTY_BODY = YES;
				CLANG_WARN_ENUM_CONVERSION = YES;
				CLANG_WARN_INFINITE_RECURSION = YES;
				CLANG_WARN_INT_CONVERSION = YES;
				CLANG_WARN_NON_LITERAL_NULL_CONVERSION = YES;
				CLANG_WARN_OBJC_IMPLICIT_RETAIN_SELF = YES;
				CLANG_WARN_OBJC_LITERAL_CONVERSION = YES;
				CLANG_WARN_OBJC_ROOT_CLASS = YES_ERROR;
				CLANG_WARN_QUOTED_INCLUDE_IN_FRAMEWORK_HEADER = YES;
				CLANG_WARN_RANGE_LOOP_ANALYSIS = YES;
				CLANG_WARN_STRICT_PROTOTYPES = YES;
				CLANG_WARN_SUSPICIOUS_MOVE = YES;
				CLANG_WARN_UNGUARDED_AVAILABILITY = YES_AGGRESSIVE;
				CLANG_WARN_UNREACHABLE_CODE = YES;
				CLANG_WARN__DUPLICATE_METHOD_MATCH = YES;
				COPY_PHASE_STRIP = NO;
				DEBUG_INFORMATION_FORMAT = dwarf;
				ENABLE_STRICT_OBJC_MSGSEND = YES;
				ENABLE_TESTABILITY = YES;
				GCC_C_LANGUAGE_STANDARD = gnu11;
				GCC_DYNAMIC_NO_PIC = NO;
				GCC_NO_COMMON_BLOCKS = YES;
				GCC_OPTIMIZATION_LEVEL = 0;
				GCC_PREPROCESSOR_DEFINITIONS = (
					"DEBUG=1",
					"$(inherited)",
				);
				GCC_WARN_64_TO_32_BIT_CONVERSION = YES;
				GCC_WARN_ABOUT_RETURN_TYPE = YES_ERROR;
				GCC_WARN_UNDECLARED_SELECTOR = YES;
				GCC_WARN_UNINITIALIZED_AUTOS = YES_AGGRESSIVE;
				GCC_WARN_UNUSED_FUNCTION = YES;
				GCC_WARN_UNUSED_VARIABLE = YES;
				IPHONEOS_DEPLOYMENT_TARGET = 16.0;
				MTL_ENABLE_DEBUG_INFO = INCLUDE_SOURCE;
				MTL_FAST_MATH = YES;
				ONLY_ACTIVE_ARCH = YES;
				SDKROOT = iphoneos;
				SWIFT_ACTIVE_COMPILATION_CONDITIONS = DEBUG;
				SWIFT_OPTIMIZATION_LEVEL = "-Onone";
			};
			name = Debug;
		};
		BCBD8C1B28F29CF1009C5951 /* Release */ = {
			isa = XCBuildConfiguration;
			buildSettings = {
				ALWAYS_SEARCH_USER_PATHS = NO;
				CLANG_ANALYZER_NONNULL = YES;
				CLANG_ANALYZER_NUMBER_OBJECT_CONVERSION = YES_AGGRESSIVE;
				CLANG_CXX_LANGUAGE_STANDARD = "gnu++20";
				CLANG_ENABLE_MODULES = YES;
				CLANG_ENABLE_OBJC_ARC = YES;
				CLANG_ENABLE_OBJC_WEAK = YES;
				CLANG_WARN_BLOCK_CAPTURE_AUTORELEASING = YES;
				CLANG_WARN_BOOL_CONVERSION = YES;
				CLANG_WARN_COMMA = YES;
				CLANG_WARN_CONSTANT_CONVERSION = YES;
				CLANG_WARN_DEPRECATED_OBJC_IMPLEMENTATIONS = YES;
				CLANG_WARN_DIRECT_OBJC_ISA_USAGE = YES_ERROR;
				CLANG_WARN_DOCUMENTATION_COMMENTS = YES;
				CLANG_WARN_EMPTY_BODY = YES;
				CLANG_WARN_ENUM_CONVERSION = YES;
				CLANG_WARN_INFINITE_RECURSION = YES;
				CLANG_WARN_INT_CONVERSION = YES;
				CLANG_WARN_NON_LITERAL_NULL_CONVERSION = YES;
				CLANG_WARN_OBJC_IMPLICIT_RETAIN_SELF = YES;
				CLANG_WARN_OBJC_LITERAL_CONVERSION = YES;
				CLANG_WARN_OBJC_ROOT_CLASS = YES_ERROR;
				CLANG_WARN_QUOTED_INCLUDE_IN_FRAMEWORK_HEADER = YES;
				CLANG_WARN_RANGE_LOOP_ANALYSIS = YES;
				CLANG_WARN_STRICT_PROTOTYPES = YES;
				CLANG_WARN_SUSPICIOUS_MOVE = YES;
				CLANG_WARN_UNGUARDED_AVAILABILITY = YES_AGGRESSIVE;
				CLANG_WARN_UNREACHABLE_CODE = YES;
				CLANG_WARN__DUPLICATE_METHOD_MATCH = YES;
				COPY_PHASE_STRIP = NO;
				DEBUG_INFORMATION_FORMAT = "dwarf-with-dsym";
				ENABLE_NS_ASSERTIONS = NO;
				ENABLE_STRICT_OBJC_MSGSEND = YES;
				GCC_C_LANGUAGE_STANDARD = gnu11;
				GCC_NO_COMMON_BLOCKS = YES;
				GCC_WARN_64_TO_32_BIT_CONVERSION = YES;
				GCC_WARN_ABOUT_RETURN_TYPE = YES_ERROR;
				GCC_WARN_UNDECLARED_SELECTOR = YES;
				GCC_WARN_UNINITIALIZED_AUTOS = YES_AGGRESSIVE;
				GCC_WARN_UNUSED_FUNCTION = YES;
				GCC_WARN_UNUSED_VARIABLE = YES;
				IPHONEOS_DEPLOYMENT_TARGET = 16.0;
				MTL_ENABLE_DEBUG_INFO = NO;
				MTL_FAST_MATH = YES;
				SDKROOT = iphoneos;
				SWIFT_COMPILATION_MODE = wholemodule;
				SWIFT_OPTIMIZATION_LEVEL = "-O";
				VALIDATE_PRODUCT = YES;
			};
			name = Release;
		};
		BCBD8C1D28F29CF1009C5951 /* Debug */ = {
			isa = XCBuildConfiguration;
			buildSettings = {
				ASSETCATALOG_COMPILER_APPICON_NAME = AppIcon;
				ASSETCATALOG_COMPILER_GLOBAL_ACCENT_COLOR_NAME = AccentColor;
				CODE_SIGN_STYLE = Automatic;
				CURRENT_PROJECT_VERSION = 1;
				DEVELOPMENT_ASSET_PATHS = "\"Scrumdinger/Preview Content\"";
				DEVELOPMENT_TEAM = 24827B2CHB;
				ENABLE_PREVIEWS = YES;
				GENERATE_INFOPLIST_FILE = YES;
				INFOPLIST_KEY_UIApplicationSceneManifest_Generation = YES;
				INFOPLIST_KEY_UIApplicationSupportsIndirectInputEvents = YES;
				INFOPLIST_KEY_UILaunchScreen_Generation = YES;
				INFOPLIST_KEY_UISupportedInterfaceOrientations_iPad = "UIInterfaceOrientationPortrait UIInterfaceOrientationPortraitUpsideDown UIInterfaceOrientationLandscapeLeft UIInterfaceOrientationLandscapeRight";
				INFOPLIST_KEY_UISupportedInterfaceOrientations_iPhone = "UIInterfaceOrientationPortrait UIInterfaceOrientationLandscapeLeft UIInterfaceOrientationLandscapeRight";
				IPHONEOS_DEPLOYMENT_TARGET = 15.5;
				LD_RUNPATH_SEARCH_PATHS = (
					"$(inherited)",
					"@executable_path/Frameworks",
				);
				MARKETING_VERSION = 1.0;
				PRODUCT_BUNDLE_IDENTIFIER = com.steffensuess.Scrumdinger;
				PRODUCT_NAME = "$(TARGET_NAME)";
				SWIFT_EMIT_LOC_STRINGS = YES;
				SWIFT_VERSION = 5.0;
				TARGETED_DEVICE_FAMILY = "1,2";
			};
			name = Debug;
		};
		BCBD8C1E28F29CF1009C5951 /* Release */ = {
			isa = XCBuildConfiguration;
			buildSettings = {
				ASSETCATALOG_COMPILER_APPICON_NAME = AppIcon;
				ASSETCATALOG_COMPILER_GLOBAL_ACCENT_COLOR_NAME = AccentColor;
				CODE_SIGN_STYLE = Automatic;
				CURRENT_PROJECT_VERSION = 1;
				DEVELOPMENT_ASSET_PATHS = "\"Scrumdinger/Preview Content\"";
				DEVELOPMENT_TEAM = 24827B2CHB;
				ENABLE_PREVIEWS = YES;
				GENERATE_INFOPLIST_FILE = YES;
				INFOPLIST_KEY_UIApplicationSceneManifest_Generation = YES;
				INFOPLIST_KEY_UIApplicationSupportsIndirectInputEvents = YES;
				INFOPLIST_KEY_UILaunchScreen_Generation = YES;
				INFOPLIST_KEY_UISupportedInterfaceOrientations_iPad = "UIInterfaceOrientationPortrait UIInterfaceOrientationPortraitUpsideDown UIInterfaceOrientationLandscapeLeft UIInterfaceOrientationLandscapeRight";
				INFOPLIST_KEY_UISupportedInterfaceOrientations_iPhone = "UIInterfaceOrientationPortrait UIInterfaceOrientationLandscapeLeft UIInterfaceOrientationLandscapeRight";
				IPHONEOS_DEPLOYMENT_TARGET = 15.5;
				LD_RUNPATH_SEARCH_PATHS = (
					"$(inherited)",
					"@executable_path/Frameworks",
				);
				MARKETING_VERSION = 1.0;
				PRODUCT_BUNDLE_IDENTIFIER = com.steffensuess.Scrumdinger;
				PRODUCT_NAME = "$(TARGET_NAME)";
				SWIFT_EMIT_LOC_STRINGS = YES;
				SWIFT_VERSION = 5.0;
				TARGETED_DEVICE_FAMILY = "1,2";
			};
			name = Release;
		};
/* End XCBuildConfiguration section */

/* Begin XCConfigurationList section */
		BCBD8C0928F29CF0009C5951 /* Build configuration list for PBXProject "Scrumdinger" */ = {
			isa = XCConfigurationList;
			buildConfigurations = (
				BCBD8C1A28F29CF1009C5951 /* Debug */,
				BCBD8C1B28F29CF1009C5951 /* Release */,
			);
			defaultConfigurationIsVisible = 0;
			defaultConfigurationName = Release;
		};
		BCBD8C1C28F29CF1009C5951 /* Build configuration list for PBXNativeTarget "Scrumdinger" */ = {
			isa = XCConfigurationList;
			buildConfigurations = (
				BCBD8C1D28F29CF1009C5951 /* Debug */,
				BCBD8C1E28F29CF1009C5951 /* Release */,
			);
			defaultConfigurationIsVisible = 0;
			defaultConfigurationName = Release;
		};
/* End XCConfigurationList section */
	};
	rootObject = BCBD8C0628F29CF0009C5951 /* Project object */;
}
